<?xml version="1.0" encoding="utf-8"?>
<Project ToolsVersion="4.0" xmlns="http://schemas.microsoft.com/developer/msbuild/2003">
  <ItemGroup>
    <Filter Include="Source Files">
      <UniqueIdentifier>{4FC737F1-C7A5-4376-A066-2A32D752A2FF}</UniqueIdentifier>
      <Extensions>cpp;c;cc;cxx;def;odl;idl;hpj;bat;asm;asmx</Extensions>
    </Filter>
    <Filter Include="Header Files">
      <UniqueIdentifier>{93995380-89BD-4b04-88EB-625FBE52EBFB}</UniqueIdentifier>
      <Extensions>h;hpp;hxx;hm;inl;inc;xsd</Extensions>
    </Filter>
    <Filter Include="Resource Files">
      <UniqueIdentifier>{67DA6AB6-F800-4c08-8B7A-83BB121AAD01}</UniqueIdentifier>
      <Extensions>rc;ico;cur;bmp;dlg;rc2;rct;bin;rgs;gif;jpg;jpeg;jpe;resx;tiff;tif;png;wav;mfcribbon-ms</Extensions>
    </Filter>
    <Filter Include="test">
      <UniqueIdentifier>{15f184b8-fd2e-48cf-8ffc-8c08be9ff2c5}</UniqueIdentifier>
    </Filter>
    <Filter Include="hello-world">
      <UniqueIdentifier>{56c50c81-1eca-4fa8-bd6a-b493f161e9e8}</UniqueIdentifier>
    </Filter>
    <Filter Include="adapters">
      <UniqueIdentifier>{9f1900c6-e3f4-4d1c-ab76-89e0d947974c}</UniqueIdentifier>
    </Filter>
    <Filter Include="html">
      <UniqueIdentifier>{d3d964e1-0b0e-4b89-bd57-1edb815ad2dc}</UniqueIdentifier>
    </Filter>
  </ItemGroup>
  <ItemGroup>
    <ClInclude Include="..\..\source\builtinfuncs_ansic.h">
      <Filter>Header Files</Filter>
    </ClInclude>
    <ClInclude Include="..\..\source\compiler.h">
      <Filter>Header Files</Filter>
    </ClInclude>
    <ClInclude Include="..\..\source\errormessages.h">
      <Filter>Header Files</Filter>
    </ClInclude>
    <ClInclude Include="..\..\source\globals.h">
      <Filter>Header Files</Filter>
    </ClInclude>
    <ClInclude Include="..\..\source\preprocessor.h">
      <Filter>Header Files</Filter>
    </ClInclude>
    <ClInclude Include="..\..\source\stringlib.h">
      <Filter>Header Files</Filter>
    </ClInclude>
    <ClInclude Include="..\..\source\syntax.h">
      <Filter>Header Files</Filter>
    </ClInclude>
    <ClInclude Include="..\..\source\target_cvirtualmachine.h">
      <Filter>Header Files</Filter>
    </ClInclude>
    <ClInclude Include="..\..\source\token.h">
      <Filter>Header Files</Filter>
    </ClInclude>
    <ClInclude Include="..\..\source\target_linuxassemblerx86.h">
      <Filter>Header Files</Filter>
    </ClInclude>
    <ClInclude Include="..\..\source\target_javascript.h">
      <Filter>Header Files</Filter>
    </ClInclude>
  </ItemGroup>
  <ItemGroup>
    <ClCompile Include="..\..\source\bminus.c">
      <Filter>Source Files</Filter>
    </ClCompile>
    <ClCompile Include="..\..\hello-world\hello_world.c">
      <Filter>hello-world</Filter>
    </ClCompile>
    <ClCompile Include="..\..\test\0005-simplest.c">
      <Filter>test</Filter>
    </ClCompile>
    <ClCompile Include="..\..\test\0010-main.c">
      <Filter>test</Filter>
    </ClCompile>
    <ClCompile Include="..\..\test\0020-simple-while.c">
      <Filter>test</Filter>
    </ClCompile>
    <ClCompile Include="..\..\test\0030-if-else.c">
      <Filter>test</Filter>
    </ClCompile>
    <ClCompile Include="..\..\test\0040-enum.c">
      <Filter>test</Filter>
    </ClCompile>
    <ClCompile Include="..\..\test\0050-return.c">
      <Filter>test</Filter>
    </ClCompile>
    <ClCompile Include="..\..\test\0060-math.c">
      <Filter>test</Filter>
    </ClCompile>
    <ClCompile Include="..\..\test\0070-relational.c">
      <Filter>test</Filter>
    </ClCompile>
    <ClCompile Include="..\..\test\0090-logical.c">
      <Filter>test</Filter>
    </ClCompile>
    <ClCompile Include="..\..\test\0100-function-calls.c">
      <Filter>test</Filter>
    </ClCompile>
    <ClCompile Include="..\..\test\0110-array.c">
      <Filter>test</Filter>
    </ClCompile>
    <ClCompile Include="..\..\test\0120-array-2.c">
      <Filter>test</Filter>
    </ClCompile>
    <ClCompile Include="..\..\test\0130-char-constant.c">
      <Filter>test</Filter>
    </ClCompile>
    <ClCompile Include="..\..\test\0140-pointer.c">
      <Filter>test</Filter>
    </ClCompile>
    <ClCompile Include="..\..\test\0150-string-literal.c">
      <Filter>test</Filter>
    </ClCompile>
    <ClCompile Include="..\..\test\0160-comment.c">
      <Filter>test</Filter>
    </ClCompile>
    <ClCompile Include="..\..\test\0170-built-in-func.c">
      <Filter>test</Filter>
    </ClCompile>
    <ClCompile Include="..\..\test\0200-clib.c">
      <Filter>test</Filter>
    </ClCompile>
  </ItemGroup>
  <ItemGroup>
    <None Include="..\..\adapters\oracle_jjs_adapter.js">
      <Filter>adapters</Filter>
    </None>
    <None Include="..\..\adapters\web_browser_adapter.js">
      <Filter>adapters</Filter>
    </None>
    <None Include="..\..\adapters\windows_cscript_adapter.js">
      <Filter>adapters</Filter>
    </None>
    <None Include="..\..\html\compile_in_browser_to_javascript.html">
      <Filter>html</Filter>
    </None>
    <None Include="..\..\html\compile_in_browser_to_cvirtualmachine.html">
      <Filter>html</Filter>
    </None>
    <None Include="..\..\html\compile_in_browser_to_linuxassemblerx86.html">
      <Filter>html</Filter>
    </None>
  </ItemGroup>
</Project>