
Microsoft Visual Studio Solution File, Format Version 11.00
# Visual C++ Express 2010
Project("{8BC9CEB8-8B4A-11D0-8D11-00A0C91BC942}") = "bminus", "bminus.vcxproj", "{880471A0-4C85-4239-BBE6-4CFD14F625B8}"
EndProject
Project("{8BC9CEB8-8B4A-11D0-8D11-00A0C91BC942}") = "bminus_hello_world", "..\bminus_hello_world\bminus_hello_world.vcxproj", "{45E2427E-32F4-4AFA-9B05-7512A076ED7E}"
EndProject
Global
	GlobalSection(SolutionConfigurationPlatforms) = preSolution
		Debug|Win32 = Debug|Win32
		Release|Win32 = Release|Win32
	EndGlobalSection
	GlobalSection(ProjectConfigurationPlatforms) = postSolution
		{880471A0-4C85-4239-BBE6-4CFD14F625B8}.Debug|Win32.ActiveCfg = Debug|Win32
		{880471A0-4C85-4239-BBE6-4CFD14F625B8}.Debug|Win32.Build.0 = Debug|Win32
		{880471A0-4C85-4239-BBE6-4CFD14F625B8}.Release|Win32.ActiveCfg = Release|Win32
		{880471A0-4C85-4239-BBE6-4CFD14F625B8}.Release|Win32.Build.0 = Release|Win32
		{45E2427E-32F4-4AFA-9B05-7512A076ED7E}.Debug|Win32.ActiveCfg = Debug|Win32
		{45E2427E-32F4-4AFA-9B05-7512A076ED7E}.Debug|Win32.Build.0 = Debug|Win32
		{45E2427E-32F4-4AFA-9B05-7512A076ED7E}.Release|Win32.ActiveCfg = Release|Win32
		{45E2427E-32F4-4AFA-9B05-7512A076ED7E}.Release|Win32.Build.0 = Release|Win32
	EndGlobalSection
	GlobalSection(SolutionProperties) = preSolution
		HideSolutionNode = FALSE
	EndGlobalSection
EndGlobal
